
Microsoft Visual Studio Solution File, Format Version 12.00
# Visual Studio Version 17
VisualStudioVersion = 17.2.32317.152
MinimumVisualStudioVersion = 10.0.40219.1
Project("{9A19103F-16F7-4668-BE54-9A1E7A4F7556}") = "Undirectorize", "QuickScripts\Undirectorize.csproj", "{ECFF5A61-2A49-4AE0-823B-20F26AA6878C}"
EndProject
Project("{9A19103F-16F7-4668-BE54-9A1E7A4F7556}") = "TextTransformer", "TextTransformer\TextTransformer.csproj", "{11F197B6-BEA4-47D1-AAB5-F9E8536552A2}"
EndProject
Global
	GlobalSection(SolutionConfigurationPlatforms) = preSolution
		Debug|Any CPU = Debug|Any CPU
		Release|Any CPU = Release|Any CPU
	EndGlobalSection
	GlobalSection(ProjectConfigurationPlatforms) = postSolution
		{ECFF5A61-2A49-4AE0-823B-20F26AA6878C}.Debug|Any CPU.ActiveCfg = Debug|Any CPU
		{ECFF5A61-2A49-4AE0-823B-20F26AA6878C}.Debug|Any CPU.Build.0 = Debug|Any CPU
		{ECFF5A61-2A49-4AE0-823B-20F26AA6878C}.Release|Any CPU.ActiveCfg = Release|Any CPU
		{ECFF5A61-2A49-4AE0-823B-20F26AA6878C}.Release|Any CPU.Build.0 = Release|Any CPU
		{11F197B6-BEA4-47D1-AAB5-F9E8536552A2}.Debug|Any CPU.ActiveCfg = Debug|Any CPU
		{11F197B6-BEA4-47D1-AAB5-F9E8536552A2}.Debug|Any CPU.Build.0 = Debug|Any CPU
		{11F197B6-BEA4-47D1-AAB5-F9E8536552A2}.Release|Any CPU.ActiveCfg = Release|Any CPU
		{11F197B6-BEA4-47D1-AAB5-F9E8536552A2}.Release|Any CPU.Build.0 = Release|Any CPU
	EndGlobalSection
	GlobalSection(SolutionProperties) = preSolution
		HideSolutionNode = FALSE
	EndGlobalSection
	GlobalSection(ExtensibilityGlobals) = postSolution
		SolutionGuid = {BBE145B8-BD5A-421A-A0B2-A4C642D13EDE}
	EndGlobalSection
EndGlobal
